Microsoft Visual Studio Solution File, Format Version 12.00
# Visual Studio Version 17
VisualStudioVersion = 17.5.2.0
MinimumVisualStudioVersion = 10.0.40219.1
Project("{FAE04EC0-301F-11D3-BF4B-00C04F79EFBC}") = "AwesomeDevEvents.API", "AwesomeDevEvents.API.csproj", "{9C10192E-2A37-3AEB-3E3A-F11730171C3B}"
EndProject
Global
	GlobalSection(SolutionConfigurationPlatforms) = preSolution
		Debug|Any CPU = Debug|Any CPU
		Release|Any CPU = Release|Any CPU
	EndGlobalSection
	GlobalSection(ProjectConfigurationPlatforms) = postSolution
		{9C10192E-2A37-3AEB-3E3A-F11730171C3B}.Debug|Any CPU.ActiveCfg = Debug|Any CPU
		{9C10192E-2A37-3AEB-3E3A-F11730171C3B}.Debug|Any CPU.Build.0 = Debug|Any CPU
		{9C10192E-2A37-3AEB-3E3A-F11730171C3B}.Release|Any CPU.ActiveCfg = Release|Any CPU
		{9C10192E-2A37-3AEB-3E3A-F11730171C3B}.Release|Any CPU.Build.0 = Release|Any CPU
	EndGlobalSection
	GlobalSection(SolutionProperties) = preSolution
		HideSolutionNode = FALSE
	EndGlobalSection
	GlobalSection(ExtensibilityGlobals) = postSolution
		SolutionGuid = {02BFAD64-9676-4BE2-B705-BFE33D4C6C3A}
	EndGlobalSection
EndGlobal
