
Microsoft Visual Studio Solution File, Format Version 12.00
# Visual Studio Version 17
VisualStudioVersion = 17.11.35312.102
MinimumVisualStudioVersion = 10.0.40219.1
Project("{FAE04EC0-301F-11D3-BF4B-00C04F79EFBC}") = "Aula07", "Aula07.csproj", "{C862A752-8571-48A6-8F00-016B73517177}"
EndProject
Global
	GlobalSection(SolutionConfigurationPlatforms) = preSolution
		Debug|Any CPU = Debug|Any CPU
		Release|Any CPU = Release|Any CPU
	EndGlobalSection
	GlobalSection(ProjectConfigurationPlatforms) = postSolution
		{C862A752-8571-48A6-8F00-016B73517177}.Debug|Any CPU.ActiveCfg = Debug|Any CPU
		{C862A752-8571-48A6-8F00-016B73517177}.Debug|Any CPU.Build.0 = Debug|Any CPU
		{C862A752-8571-48A6-8F00-016B73517177}.Release|Any CPU.ActiveCfg = Release|Any CPU
		{C862A752-8571-48A6-8F00-016B73517177}.Release|Any CPU.Build.0 = Release|Any CPU
	EndGlobalSection
	GlobalSection(SolutionProperties) = preSolution
		HideSolutionNode = FALSE
	EndGlobalSection
	GlobalSection(ExtensibilityGlobals) = postSolution
		SolutionGuid = {C7C4E263-4EE8-457F-9AB5-EC24E12F9754}
	EndGlobalSection
EndGlobal
