Microsoft Visual Studio Solution File, Format Version 12.00
# Visual Studio Version 17
VisualStudioVersion = 17.5.2.0
MinimumVisualStudioVersion = 10.0.40219.1
Project("{FAE04EC0-301F-11D3-BF4B-00C04F79EFBC}") = "01Conceitos", "video_01\01Conceitos.csproj", "{C41125D8-563D-8B8A-AE7A-45247311224E}"
EndProject
Project("{FAE04EC0-301F-11D3-BF4B-00C04F79EFBC}") = "video_02", "video_02\video_02.csproj", "{62959BF8-7727-6423-4B4C-A83ADB753A55}"
EndProject
Project("{FAE04EC0-301F-11D3-BF4B-00C04F79EFBC}") = "video_03", "video_03\video_03.csproj", "{5AFBB0C9-3EBF-8F0C-6533-A6FE08348F04}"
EndProject
Project("{FAE04EC0-301F-11D3-BF4B-00C04F79EFBC}") = "video_04", "video_04\video_04.csproj", "{E258C675-66D2-E7DF-AC4F-0C96B3ADEBEB}"
EndProject
Project("{FAE04EC0-301F-11D3-BF4B-00C04F79EFBC}") = "video_05", "video_05\video_05.csproj", "{7FEC430F-AC72-9840-FAB6-06FEBA83FC54}"
EndProject
Project("{FAE04EC0-301F-11D3-BF4B-00C04F79EFBC}") = "video_06", "video_06\video_06.csproj", "{D436E450-37D0-6622-1130-8F0C7DD16065}"
EndProject
Project("{FAE04EC0-301F-11D3-BF4B-00C04F79EFBC}") = "video_07", "video_07\video_07.csproj", "{B4B8F4E0-8528-EDEF-A31A-4DA4C4AEF87C}"
EndProject
Project("{FAE04EC0-301F-11D3-BF4B-00C04F79EFBC}") = "video_08", "video_08\video_08.csproj", "{1AF5E3C4-D67E-0958-7A75-F0161FE06F87}"
EndProject
Project("{FAE04EC0-301F-11D3-BF4B-00C04F79EFBC}") = "video_09", "video_09\video_09.csproj", "{8AD30678-A29F-D906-A3CC-2641BDF15FB5}"
EndProject
Project("{FAE04EC0-301F-11D3-BF4B-00C04F79EFBC}") = "video_10", "video_10\video_10.csproj", "{F3874808-2577-99A5-B040-FF30DF278318}"
EndProject
Project("{FAE04EC0-301F-11D3-BF4B-00C04F79EFBC}") = "video_11", "video_11\video_11.csproj", "{40639374-543E-4011-3380-D3236C8B8FD7}"
EndProject
Project("{FAE04EC0-301F-11D3-BF4B-00C04F79EFBC}") = "video_12", "video_12\video_12.csproj", "{0BA53F48-DC60-625C-C29B-7DD178333C3D}"
EndProject
Project("{FAE04EC0-301F-11D3-BF4B-00C04F79EFBC}") = "video_13", "video_13\video_13.csproj", "{DC7A0A99-6B77-74D6-E477-08A87960C905}"
EndProject
Project("{FAE04EC0-301F-11D3-BF4B-00C04F79EFBC}") = "video_14", "video_14\video_14.csproj", "{181D4EB4-061A-0826-7AAD-EEB2CDA052E4}"
EndProject
Global
	GlobalSection(SolutionConfigurationPlatforms) = preSolution
		Debug|Any CPU = Debug|Any CPU
		Release|Any CPU = Release|Any CPU
	EndGlobalSection
	GlobalSection(ProjectConfigurationPlatforms) = postSolution
		{C41125D8-563D-8B8A-AE7A-45247311224E}.Debug|Any CPU.ActiveCfg = Debug|Any CPU
		{C41125D8-563D-8B8A-AE7A-45247311224E}.Debug|Any CPU.Build.0 = Debug|Any CPU
		{C41125D8-563D-8B8A-AE7A-45247311224E}.Release|Any CPU.ActiveCfg = Release|Any CPU
		{C41125D8-563D-8B8A-AE7A-45247311224E}.Release|Any CPU.Build.0 = Release|Any CPU
		{62959BF8-7727-6423-4B4C-A83ADB753A55}.Debug|Any CPU.ActiveCfg = Debug|Any CPU
		{62959BF8-7727-6423-4B4C-A83ADB753A55}.Debug|Any CPU.Build.0 = Debug|Any CPU
		{62959BF8-7727-6423-4B4C-A83ADB753A55}.Release|Any CPU.ActiveCfg = Release|Any CPU
		{62959BF8-7727-6423-4B4C-A83ADB753A55}.Release|Any CPU.Build.0 = Release|Any CPU
		{5AFBB0C9-3EBF-8F0C-6533-A6FE08348F04}.Debug|Any CPU.ActiveCfg = Debug|Any CPU
		{5AFBB0C9-3EBF-8F0C-6533-A6FE08348F04}.Debug|Any CPU.Build.0 = Debug|Any CPU
		{5AFBB0C9-3EBF-8F0C-6533-A6FE08348F04}.Release|Any CPU.ActiveCfg = Release|Any CPU
		{5AFBB0C9-3EBF-8F0C-6533-A6FE08348F04}.Release|Any CPU.Build.0 = Release|Any CPU
		{E258C675-66D2-E7DF-AC4F-0C96B3ADEBEB}.Debug|Any CPU.ActiveCfg = Debug|Any CPU
		{E258C675-66D2-E7DF-AC4F-0C96B3ADEBEB}.Debug|Any CPU.Build.0 = Debug|Any CPU
		{E258C675-66D2-E7DF-AC4F-0C96B3ADEBEB}.Release|Any CPU.ActiveCfg = Release|Any CPU
		{E258C675-66D2-E7DF-AC4F-0C96B3ADEBEB}.Release|Any CPU.Build.0 = Release|Any CPU
		{7FEC430F-AC72-9840-FAB6-06FEBA83FC54}.Debug|Any CPU.ActiveCfg = Debug|Any CPU
		{7FEC430F-AC72-9840-FAB6-06FEBA83FC54}.Debug|Any CPU.Build.0 = Debug|Any CPU
		{7FEC430F-AC72-9840-FAB6-06FEBA83FC54}.Release|Any CPU.ActiveCfg = Release|Any CPU
		{7FEC430F-AC72-9840-FAB6-06FEBA83FC54}.Release|Any CPU.Build.0 = Release|Any CPU
		{D436E450-37D0-6622-1130-8F0C7DD16065}.Debug|Any CPU.ActiveCfg = Debug|Any CPU
		{D436E450-37D0-6622-1130-8F0C7DD16065}.Debug|Any CPU.Build.0 = Debug|Any CPU
		{D436E450-37D0-6622-1130-8F0C7DD16065}.Release|Any CPU.ActiveCfg = Release|Any CPU
		{D436E450-37D0-6622-1130-8F0C7DD16065}.Release|Any CPU.Build.0 = Release|Any CPU
		{B4B8F4E0-8528-EDEF-A31A-4DA4C4AEF87C}.Debug|Any CPU.ActiveCfg = Debug|Any CPU
		{B4B8F4E0-8528-EDEF-A31A-4DA4C4AEF87C}.Debug|Any CPU.Build.0 = Debug|Any CPU
		{B4B8F4E0-8528-EDEF-A31A-4DA4C4AEF87C}.Release|Any CPU.ActiveCfg = Release|Any CPU
		{B4B8F4E0-8528-EDEF-A31A-4DA4C4AEF87C}.Release|Any CPU.Build.0 = Release|Any CPU
		{1AF5E3C4-D67E-0958-7A75-F0161FE06F87}.Debug|Any CPU.ActiveCfg = Debug|Any CPU
		{1AF5E3C4-D67E-0958-7A75-F0161FE06F87}.Debug|Any CPU.Build.0 = Debug|Any CPU
		{1AF5E3C4-D67E-0958-7A75-F0161FE06F87}.Release|Any CPU.ActiveCfg = Release|Any CPU
		{1AF5E3C4-D67E-0958-7A75-F0161FE06F87}.Release|Any CPU.Build.0 = Release|Any CPU
		{8AD30678-A29F-D906-A3CC-2641BDF15FB5}.Debug|Any CPU.ActiveCfg = Debug|Any CPU
		{8AD30678-A29F-D906-A3CC-2641BDF15FB5}.Debug|Any CPU.Build.0 = Debug|Any CPU
		{8AD30678-A29F-D906-A3CC-2641BDF15FB5}.Release|Any CPU.ActiveCfg = Release|Any CPU
		{8AD30678-A29F-D906-A3CC-2641BDF15FB5}.Release|Any CPU.Build.0 = Release|Any CPU
		{F3874808-2577-99A5-B040-FF30DF278318}.Debug|Any CPU.ActiveCfg = Debug|Any CPU
		{F3874808-2577-99A5-B040-FF30DF278318}.Debug|Any CPU.Build.0 = Debug|Any CPU
		{F3874808-2577-99A5-B040-FF30DF278318}.Release|Any CPU.ActiveCfg = Release|Any CPU
		{F3874808-2577-99A5-B040-FF30DF278318}.Release|Any CPU.Build.0 = Release|Any CPU
		{40639374-543E-4011-3380-D3236C8B8FD7}.Debug|Any CPU.ActiveCfg = Debug|Any CPU
		{40639374-543E-4011-3380-D3236C8B8FD7}.Debug|Any CPU.Build.0 = Debug|Any CPU
		{40639374-543E-4011-3380-D3236C8B8FD7}.Release|Any CPU.ActiveCfg = Release|Any CPU
		{40639374-543E-4011-3380-D3236C8B8FD7}.Release|Any CPU.Build.0 = Release|Any CPU
		{0BA53F48-DC60-625C-C29B-7DD178333C3D}.Debug|Any CPU.ActiveCfg = Debug|Any CPU
		{0BA53F48-DC60-625C-C29B-7DD178333C3D}.Debug|Any CPU.Build.0 = Debug|Any CPU
		{0BA53F48-DC60-625C-C29B-7DD178333C3D}.Release|Any CPU.ActiveCfg = Release|Any CPU
		{0BA53F48-DC60-625C-C29B-7DD178333C3D}.Release|Any CPU.Build.0 = Release|Any CPU
		{DC7A0A99-6B77-74D6-E477-08A87960C905}.Debug|Any CPU.ActiveCfg = Debug|Any CPU
		{DC7A0A99-6B77-74D6-E477-08A87960C905}.Debug|Any CPU.Build.0 = Debug|Any CPU
		{DC7A0A99-6B77-74D6-E477-08A87960C905}.Release|Any CPU.ActiveCfg = Release|Any CPU
		{DC7A0A99-6B77-74D6-E477-08A87960C905}.Release|Any CPU.Build.0 = Release|Any CPU
		{181D4EB4-061A-0826-7AAD-EEB2CDA052E4}.Debug|Any CPU.ActiveCfg = Debug|Any CPU
		{181D4EB4-061A-0826-7AAD-EEB2CDA052E4}.Debug|Any CPU.Build.0 = Debug|Any CPU
		{181D4EB4-061A-0826-7AAD-EEB2CDA052E4}.Release|Any CPU.ActiveCfg = Release|Any CPU
		{181D4EB4-061A-0826-7AAD-EEB2CDA052E4}.Release|Any CPU.Build.0 = Release|Any CPU
	EndGlobalSection
	GlobalSection(SolutionProperties) = preSolution
		HideSolutionNode = FALSE
	EndGlobalSection
	GlobalSection(ExtensibilityGlobals) = postSolution
		SolutionGuid = {024EEEDD-7500-473F-9757-B22DBFEC6D43}
	EndGlobalSection
EndGlobal
