Microsoft Visual Studio Solution File, Format Version 12.00
# Visual Studio Version 17
VisualStudioVersion = 17.5.2.0
MinimumVisualStudioVersion = 10.0.40219.1
Project("{2150E333-8FDC-42A3-9474-1A3956D46DE8}") = "Exercicio02", "Exercicio02", "{B5DE21FA-3C2C-6D1A-AD8C-6FA1995805A4}"
EndProject
Project("{FAE04EC0-301F-11D3-BF4B-00C04F79EFBC}") = "Exercicio02", "Exercicio02\Exercicio02\Exercicio02.csproj", "{C3C66F21-4315-A2A8-B84F-E9A695E74ABD}"
EndProject
Global
	GlobalSection(SolutionConfigurationPlatforms) = preSolution
		Debug|Any CPU = Debug|Any CPU
		Release|Any CPU = Release|Any CPU
	EndGlobalSection
	GlobalSection(ProjectConfigurationPlatforms) = postSolution
		{C3C66F21-4315-A2A8-B84F-E9A695E74ABD}.Debug|Any CPU.ActiveCfg = Debug|Any CPU
		{C3C66F21-4315-A2A8-B84F-E9A695E74ABD}.Debug|Any CPU.Build.0 = Debug|Any CPU
		{C3C66F21-4315-A2A8-B84F-E9A695E74ABD}.Release|Any CPU.ActiveCfg = Release|Any CPU
		{C3C66F21-4315-A2A8-B84F-E9A695E74ABD}.Release|Any CPU.Build.0 = Release|Any CPU
	EndGlobalSection
	GlobalSection(SolutionProperties) = preSolution
		HideSolutionNode = FALSE
	EndGlobalSection
	GlobalSection(NestedProjects) = preSolution
		{C3C66F21-4315-A2A8-B84F-E9A695E74ABD} = {B5DE21FA-3C2C-6D1A-AD8C-6FA1995805A4}
	EndGlobalSection
	GlobalSection(ExtensibilityGlobals) = postSolution
		SolutionGuid = {DCC3E365-A15A-4B11-B7D7-F040C820FA73}
	EndGlobalSection
EndGlobal
